
Microsoft Visual Studio Solution File, Format Version 12.00
# Visual Studio 2015
Project("{FAE04EC0-301F-11D3-BF4B-00C04F79EFBC}") = "Gorilla3d.CSharp", "Gorilla3d.CSharp.csproj", "{4EA05342-7FAE-D147-83A1-6328FBC4E6E1}"
EndProject
Global
	GlobalSection(SolutionConfigurationPlatforms) = preSolution
		Debug|Any CPU = Debug|Any CPU
		Release|Any CPU = Release|Any CPU
	EndGlobalSection
	GlobalSection(ProjectConfigurationPlatforms) = postSolution
		{4EA05342-7FAE-D147-83A1-6328FBC4E6E1}.Debug|Any CPU.ActiveCfg = Debug|Any CPU
		{4EA05342-7FAE-D147-83A1-6328FBC4E6E1}.Debug|Any CPU.Build.0 = Debug|Any CPU
		{4EA05342-7FAE-D147-83A1-6328FBC4E6E1}.Release|Any CPU.ActiveCfg = Release|Any CPU
		{4EA05342-7FAE-D147-83A1-6328FBC4E6E1}.Release|Any CPU.Build.0 = Release|Any CPU
	EndGlobalSection
	GlobalSection(SolutionProperties) = preSolution
		HideSolutionNode = FALSE
	EndGlobalSection
EndGlobal
